
Microsoft Visual Studio Solution File, Format Version 12.00
# Visual Studio Version 17
VisualStudioVersion = 17.10.35013.160
MinimumVisualStudioVersion = 10.0.40219.1
Project("{8BC9CEB8-8B4A-11D0-8D11-00A0C91BC942}") = "Аккаунт в банке", "Аккаунт в банке\Аккаунт в банке.vcxproj", "{632A21D4-47D0-445A-92DF-C8DA3F6B876F}"
EndProject
Global
	GlobalSection(SolutionConfigurationPlatforms) = preSolution
		Debug|x64 = Debug|x64
		Debug|x86 = Debug|x86
		Release|x64 = Release|x64
		Release|x86 = Release|x86
	EndGlobalSection
	GlobalSection(ProjectConfigurationPlatforms) = postSolution
		{632A21D4-47D0-445A-92DF-C8DA3F6B876F}.Debug|x64.ActiveCfg = Debug|x64
		{632A21D4-47D0-445A-92DF-C8DA3F6B876F}.Debug|x64.Build.0 = Debug|x64
		{632A21D4-47D0-445A-92DF-C8DA3F6B876F}.Debug|x86.ActiveCfg = Debug|Win32
		{632A21D4-47D0-445A-92DF-C8DA3F6B876F}.Debug|x86.Build.0 = Debug|Win32
		{632A21D4-47D0-445A-92DF-C8DA3F6B876F}.Release|x64.ActiveCfg = Release|x64
		{632A21D4-47D0-445A-92DF-C8DA3F6B876F}.Release|x64.Build.0 = Release|x64
		{632A21D4-47D0-445A-92DF-C8DA3F6B876F}.Release|x86.ActiveCfg = Release|Win32
		{632A21D4-47D0-445A-92DF-C8DA3F6B876F}.Release|x86.Build.0 = Release|Win32
	EndGlobalSection
	GlobalSection(SolutionProperties) = preSolution
		HideSolutionNode = FALSE
	EndGlobalSection
	GlobalSection(ExtensibilityGlobals) = postSolution
		SolutionGuid = {460FA9B3-1D31-477B-B8C3-608330327B21}
	EndGlobalSection
EndGlobal
